
Microsoft Visual Studio Solution File, Format Version 12.00
# Visual Studio Version 16
VisualStudioVersion = 16.0.31729.503
MinimumVisualStudioVersion = 10.0.40219.1
Project("{FAE04EC0-301F-11D3-BF4B-00C04F79EFBC}") = "Sudoku Games", "Sudoku Games.csproj", "{23A29B0E-D11F-4E3B-87F6-8C6C142F755A}"
EndProject
Project("{FAE04EC0-301F-11D3-BF4B-00C04F79EFBC}") = "Test Sudoku", "Test Sudoku\Test Sudoku.csproj", "{93FF9C5F-2EC5-47AD-AA6C-847F07633E30}"
EndProject
Global
	GlobalSection(SolutionConfigurationPlatforms) = preSolution
		Debug|Any CPU = Debug|Any CPU
		Release|Any CPU = Release|Any CPU
	EndGlobalSection
	GlobalSection(ProjectConfigurationPlatforms) = postSolution
		{23A29B0E-D11F-4E3B-87F6-8C6C142F755A}.Debug|Any CPU.ActiveCfg = Debug|Any CPU
		{23A29B0E-D11F-4E3B-87F6-8C6C142F755A}.Debug|Any CPU.Build.0 = Debug|Any CPU
		{23A29B0E-D11F-4E3B-87F6-8C6C142F755A}.Release|Any CPU.ActiveCfg = Release|Any CPU
		{23A29B0E-D11F-4E3B-87F6-8C6C142F755A}.Release|Any CPU.Build.0 = Release|Any CPU
		{93FF9C5F-2EC5-47AD-AA6C-847F07633E30}.Debug|Any CPU.ActiveCfg = Debug|Any CPU
		{93FF9C5F-2EC5-47AD-AA6C-847F07633E30}.Debug|Any CPU.Build.0 = Debug|Any CPU
		{93FF9C5F-2EC5-47AD-AA6C-847F07633E30}.Release|Any CPU.ActiveCfg = Release|Any CPU
		{93FF9C5F-2EC5-47AD-AA6C-847F07633E30}.Release|Any CPU.Build.0 = Release|Any CPU
	EndGlobalSection
	GlobalSection(SolutionProperties) = preSolution
		HideSolutionNode = FALSE
	EndGlobalSection
	GlobalSection(ExtensibilityGlobals) = postSolution
		SolutionGuid = {E328E17B-C895-40AE-9676-3C7BAB6C67F6}
	EndGlobalSection
EndGlobal
